
Microsoft Visual Studio Solution File, Format Version 12.00
# Visual Studio 14
VisualStudioVersion = 14.0.25420.1
MinimumVisualStudioVersion = 10.0.40219.1
Project("{FAE04EC0-301F-11D3-BF4B-00C04F79EFBC}") = "Bridge.Redux", "Bridge.Redux\Bridge.Redux.csproj", "{5D16E8F6-BE85-47EA-9EE9-55D6E637881F}"
EndProject
Project("{FAE04EC0-301F-11D3-BF4B-00C04F79EFBC}") = "Bridge.ReactRedux", "Bridge.ReactRedux\Bridge.ReactRedux.csproj", "{DBA2ECF3-D7A4-4987-AD29-470B2B5996C7}"
EndProject
Project("{FAE04EC0-301F-11D3-BF4B-00C04F79EFBC}") = "ReactReduxCounter", "ReactReduxCounter\ReactReduxCounter.csproj", "{05AABBC2-0AC6-4DC4-84E8-5B4B77600841}"
EndProject
Global
	GlobalSection(SolutionConfigurationPlatforms) = preSolution
		Debug|Any CPU = Debug|Any CPU
		Release|Any CPU = Release|Any CPU
	EndGlobalSection
	GlobalSection(ProjectConfigurationPlatforms) = postSolution
		{5D16E8F6-BE85-47EA-9EE9-55D6E637881F}.Debug|Any CPU.ActiveCfg = Debug|Any CPU
		{5D16E8F6-BE85-47EA-9EE9-55D6E637881F}.Debug|Any CPU.Build.0 = Debug|Any CPU
		{5D16E8F6-BE85-47EA-9EE9-55D6E637881F}.Release|Any CPU.ActiveCfg = Release|Any CPU
		{5D16E8F6-BE85-47EA-9EE9-55D6E637881F}.Release|Any CPU.Build.0 = Release|Any CPU
		{DBA2ECF3-D7A4-4987-AD29-470B2B5996C7}.Debug|Any CPU.ActiveCfg = Debug|Any CPU
		{DBA2ECF3-D7A4-4987-AD29-470B2B5996C7}.Debug|Any CPU.Build.0 = Debug|Any CPU
		{DBA2ECF3-D7A4-4987-AD29-470B2B5996C7}.Release|Any CPU.ActiveCfg = Release|Any CPU
		{DBA2ECF3-D7A4-4987-AD29-470B2B5996C7}.Release|Any CPU.Build.0 = Release|Any CPU
		{05AABBC2-0AC6-4DC4-84E8-5B4B77600841}.Debug|Any CPU.ActiveCfg = Debug|Any CPU
		{05AABBC2-0AC6-4DC4-84E8-5B4B77600841}.Debug|Any CPU.Build.0 = Debug|Any CPU
		{05AABBC2-0AC6-4DC4-84E8-5B4B77600841}.Release|Any CPU.ActiveCfg = Release|Any CPU
		{05AABBC2-0AC6-4DC4-84E8-5B4B77600841}.Release|Any CPU.Build.0 = Release|Any CPU
	EndGlobalSection
	GlobalSection(SolutionProperties) = preSolution
		HideSolutionNode = FALSE
	EndGlobalSection
EndGlobal
